// !$*UTF8*$!
{
	archiveVersion = 1;
	classes = {
	};
	objectVersion = 55;
	objects = {

/* Begin PBXBuildFile section */
		FEDBDAD927CA8ABB0001938A /* AppDelegate.swift in Sources */ = {isa = PBXBuildFile; fileRef = FEDBDAD827CA8ABB0001938A /* AppDelegate.swift */; };
		FEDBDADB27CA8ABB0001938A /* SceneDelegate.swift in Sources */ = {isa = PBXBuildFile; fileRef = FEDBDADA27CA8ABB0001938A /* SceneDelegate.swift */; };
		FEDBDADD27CA8ABB0001938A /* ViewController.swift in Sources */ = {isa = PBXBuildFile; fileRef = FEDBDADC27CA8ABB0001938A /* ViewController.swift */; };
		FEDBDAE027CA8ABB0001938A /* Main.storyboard in Resources */ = {isa = PBXBuildFile; fileRef = FEDBDADE27CA8ABB0001938A /* Main.storyboard */; };
		FEDBDAE327CA8ABB0001938A /* MyFeedbackApp.xcdatamodeld in Sources */ = {isa = PBXBuildFile; fileRef = FEDBDAE127CA8ABB0001938A /* MyFeedbackApp.xcdatamodeld */; };
		FEDBDAE527CA8ABE0001938A /* Assets.xcassets in Resources */ = {isa = PBXBuildFile; fileRef = FEDBDAE427CA8ABE0001938A /* Assets.xcassets */; };
		FEDBDAE827CA8ABE0001938A /* LaunchScreen.storyboard in Resources */ = {isa = PBXBuildFile; fileRef = FEDBDAE627CA8ABE0001938A /* LaunchScreen.storyboard */; };
		FEDBDAF427CA9B2F0001938A /* MainFeedbackScreenViewController.swift in Sources */ = {isa = PBXBuildFile; fileRef = FEDBDAF327CA9B2F0001938A /* MainFeedbackScreenViewController.swift */; };
		FEDBDAF627CA9F8C0001938A /* SignUpViewController.swift in Sources */ = {isa = PBXBuildFile; fileRef = FEDBDAF527CA9F8C0001938A /* SignUpViewController.swift */; };
		FEDBDAF827CAA5600001938A /* GoogleService-Info.plist in Resources */ = {isa = PBXBuildFile; fileRef = FEDBDAF727CAA5600001938A /* GoogleService-Info.plist */; };
		FEDBDB0427CAAA2E0001938A /* User+CoreDataClass.swift in Sources */ = {isa = PBXBuildFile; fileRef = FEDBDB0227CAAA2E0001938A /* User+CoreDataClass.swift */; };
		FEDBDB0527CAAA2E0001938A /* User+CoreDataProperties.swift in Sources */ = {isa = PBXBuildFile; fileRef = FEDBDB0327CAAA2E0001938A /* User+CoreDataProperties.swift */; };
		FEDBDB0827CAF3890001938A /* RoomViewController.swift in Sources */ = {isa = PBXBuildFile; fileRef = FEDBDB0727CAF3890001938A /* RoomViewController.swift */; };
		FEDBDB0A27CAF46E0001938A /* CheckBox.swift in Sources */ = {isa = PBXBuildFile; fileRef = FEDBDB0927CAF46E0001938A /* CheckBox.swift */; };
/* End PBXBuildFile section */

/* Begin PBXFileReference section */
		FEDBDAD527CA8ABB0001938A /* MyFeedbackApp.app */ = {isa = PBXFileReference; explicitFileType = wrapper.application; includeInIndex = 0; path = MyFeedbackApp.app; sourceTree = BUILT_PRODUCTS_DIR; };
		FEDBDAD827CA8ABB0001938A /* AppDelegate.swift */ = {isa = PBXFileReference; lastKnownFileType = sourcecode.swift; path = AppDelegate.swift; sourceTree = "<group>"; };
		FEDBDADA27CA8ABB0001938A /* SceneDelegate.swift */ = {isa = PBXFileReference; lastKnownFileType = sourcecode.swift; path = SceneDelegate.swift; sourceTree = "<group>"; };
		FEDBDADC27CA8ABB0001938A /* ViewController.swift */ = {isa = PBXFileReference; lastKnownFileType = sourcecode.swift; path = ViewController.swift; sourceTree = "<group>"; };
		FEDBDADF27CA8ABB0001938A /* Base */ = {isa = PBXFileReference; lastKnownFileType = file.storyboard; name = Base; path = Base.lproj/Main.storyboard; sourceTree = "<group>"; };
		FEDBDAE227CA8ABB0001938A /* MyFeedbackApp.xcdatamodel */ = {isa = PBXFileReference; lastKnownFileType = wrapper.xcdatamodel; path = MyFeedbackApp.xcdatamodel; sourceTree = "<group>"; };
		FEDBDAE427CA8ABE0001938A /* Assets.xcassets */ = {isa = PBXFileReference; lastKnownFileType = folder.assetcatalog; path = Assets.xcassets; sourceTree = "<group>"; };
		FEDBDAE727CA8ABE0001938A /* Base */ = {isa = PBXFileReference; lastKnownFileType = file.storyboard; name = Base; path = Base.lproj/LaunchScreen.storyboard; sourceTree = "<group>"; };
		FEDBDAE927CA8ABE0001938A /* Info.plist */ = {isa = PBXFileReference; lastKnownFileType = text.plist.xml; path = Info.plist; sourceTree = "<group>"; };
		FEDBDAF327CA9B2F0001938A /* MainFeedbackScreenViewController.swift */ = {isa = PBXFileReference; lastKnownFileType = sourcecode.swift; path = MainFeedbackScreenViewController.swift; sourceTree = "<group>"; };
		FEDBDAF527CA9F8C0001938A /* SignUpViewController.swift */ = {isa = PBXFileReference; lastKnownFileType = sourcecode.swift; path = SignUpViewController.swift; sourceTree = "<group>"; };
		FEDBDAF727CAA5600001938A /* GoogleService-Info.plist */ = {isa = PBXFileReference; fileEncoding = 4; lastKnownFileType = text.plist.xml; path = "GoogleService-Info.plist"; sourceTree = "<group>"; };
		FEDBDB0227CAAA2E0001938A /* User+CoreDataClass.swift */ = {isa = PBXFileReference; lastKnownFileType = sourcecode.swift; path = "User+CoreDataClass.swift"; sourceTree = "<group>"; };
		FEDBDB0327CAAA2E0001938A /* User+CoreDataProperties.swift */ = {isa = PBXFileReference; lastKnownFileType = sourcecode.swift; path = "User+CoreDataProperties.swift"; sourceTree = "<group>"; };
		FEDBDB0727CAF3890001938A /* RoomViewController.swift */ = {isa = PBXFileReference; lastKnownFileType = sourcecode.swift; path = RoomViewController.swift; sourceTree = "<group>"; };
		FEDBDB0927CAF46E0001938A /* CheckBox.swift */ = {isa = PBXFileReference; lastKnownFileType = sourcecode.swift; path = CheckBox.swift; sourceTree = "<group>"; };
/* End PBXFileReference section */

/* Begin PBXFrameworksBuildPhase section */
		FEDBDAD227CA8ABB0001938A /* Frameworks */ = {
			isa = PBXFrameworksBuildPhase;
			buildActionMask = 2147483647;
			files = (
			);
			runOnlyForDeploymentPostprocessing = 0;
		};
/* End PBXFrameworksBuildPhase section */

/* Begin PBXGroup section */
		FEDBDACC27CA8ABB0001938A = {
			isa = PBXGroup;
			children = (
				FEDBDAD727CA8ABB0001938A /* MyFeedbackApp */,
				FEDBDAD627CA8ABB0001938A /* Products */,
			);
			sourceTree = "<group>";
		};
		FEDBDAD627CA8ABB0001938A /* Products */ = {
			isa = PBXGroup;
			children = (
				FEDBDAD527CA8ABB0001938A /* MyFeedbackApp.app */,
			);
			name = Products;
			sourceTree = "<group>";
		};
		FEDBDAD727CA8ABB0001938A /* MyFeedbackApp */ = {
			isa = PBXGroup;
			children = (
				FEDBDB0627CAAA430001938A /* Data */,
				FEDBDAF727CAA5600001938A /* GoogleService-Info.plist */,
				FEDBDAD827CA8ABB0001938A /* AppDelegate.swift */,
				FEDBDADA27CA8ABB0001938A /* SceneDelegate.swift */,
				FEDBDADC27CA8ABB0001938A /* ViewController.swift */,
				FEDBDAF327CA9B2F0001938A /* MainFeedbackScreenViewController.swift */,
				FEDBDADE27CA8ABB0001938A /* Main.storyboard */,
				FEDBDB0927CAF46E0001938A /* CheckBox.swift */,
				FEDBDB0727CAF3890001938A /* RoomViewController.swift */,
				FEDBDAF527CA9F8C0001938A /* SignUpViewController.swift */,
				FEDBDAE427CA8ABE0001938A /* Assets.xcassets */,
				FEDBDAE627CA8ABE0001938A /* LaunchScreen.storyboard */,
				FEDBDAE927CA8ABE0001938A /* Info.plist */,
				FEDBDAE127CA8ABB0001938A /* MyFeedbackApp.xcdatamodeld */,
			);
			path = MyFeedbackApp;
			sourceTree = "<group>";
		};
		FEDBDB0627CAAA430001938A /* Data */ = {
			isa = PBXGroup;
			children = (
				FEDBDB0227CAAA2E0001938A /* User+CoreDataClass.swift */,
				FEDBDB0327CAAA2E0001938A /* User+CoreDataProperties.swift */,
			);
			path = Data;
			sourceTree = "<group>";
		};
/* End PBXGroup section */

/* Begin PBXNativeTarget section */
		FEDBDAD427CA8ABB0001938A /* MyFeedbackApp */ = {
			isa = PBXNativeTarget;
			buildConfigurationList = FEDBDAEC27CA8ABE0001938A /* Build configuration list for PBXNativeTarget "MyFeedbackApp" */;
			buildPhases = (
				FEDBDAD127CA8ABB0001938A /* Sources */,
				FEDBDAD227CA8ABB0001938A /* Frameworks */,
				FEDBDAD327CA8ABB0001938A /* Resources */,
			);
			buildRules = (
			);
			dependencies = (
			);
			name = MyFeedbackApp;
			packageProductDependencies = (
			);
			productName = MyFeedbackApp;
			productReference = FEDBDAD527CA8ABB0001938A /* MyFeedbackApp.app */;
			productType = "com.apple.product-type.application";
		};
/* End PBXNativeTarget section */

/* Begin PBXProject section */
		FEDBDACD27CA8ABB0001938A /* Project object */ = {
			isa = PBXProject;
			attributes = {
				BuildIndependentTargetsInParallel = 1;
				LastSwiftUpdateCheck = 1320;
				LastUpgradeCheck = 1320;
				TargetAttributes = {
					FEDBDAD427CA8ABB0001938A = {
						CreatedOnToolsVersion = 13.2.1;
					};
				};
			};
			buildConfigurationList = FEDBDAD027CA8ABB0001938A /* Build configuration list for PBXProject "MyFeedbackApp" */;
			compatibilityVersion = "Xcode 13.0";
			developmentRegion = en;
			hasScannedForEncodings = 0;
			knownRegions = (
				en,
				Base,
			);
			mainGroup = FEDBDACC27CA8ABB0001938A;
			packageReferences = (
			);
			productRefGroup = FEDBDAD627CA8ABB0001938A /* Products */;
			projectDirPath = "";
			projectRoot = "";
			targets = (
				FEDBDAD427CA8ABB0001938A /* MyFeedbackApp */,
			);
		};
/* End PBXProject section */

/* Begin PBXResourcesBuildPhase section */
		FEDBDAD327CA8ABB0001938A /* Resources */ = {
			isa = PBXResourcesBuildPhase;
			buildActionMask = 2147483647;
			files = (
				FEDBDAE827CA8ABE0001938A /* LaunchScreen.storyboard in Resources */,
				FEDBDAF827CAA5600001938A /* GoogleService-Info.plist in Resources */,
				FEDBDAE527CA8ABE0001938A /* Assets.xcassets in Resources */,
				FEDBDAE027CA8ABB0001938A /* Main.storyboard in Resources */,
			);
			runOnlyForDeploymentPostprocessing = 0;
		};
/* End PBXResourcesBuildPhase section */

/* Begin PBXSourcesBuildPhase section */
		FEDBDAD127CA8ABB0001938A /* Sources */ = {
			isa = PBXSourcesBuildPhase;
			buildActionMask = 2147483647;
			files = (
				FEDBDAF627CA9F8C0001938A /* SignUpViewController.swift in Sources */,
				FEDBDADD27CA8ABB0001938A /* ViewController.swift in Sources */,
				FEDBDB0527CAAA2E0001938A /* User+CoreDataProperties.swift in Sources */,
				FEDBDAD927CA8ABB0001938A /* AppDelegate.swift in Sources */,
				FEDBDB0A27CAF46E0001938A /* CheckBox.swift in Sources */,
				FEDBDAE327CA8ABB0001938A /* MyFeedbackApp.xcdatamodeld in Sources */,
				FEDBDAF427CA9B2F0001938A /* MainFeedbackScreenViewController.swift in Sources */,
				FEDBDB0827CAF3890001938A /* RoomViewController.swift in Sources */,
				FEDBDADB27CA8ABB0001938A /* SceneDelegate.swift in Sources */,
				FEDBDB0427CAAA2E0001938A /* User+CoreDataClass.swift in Sources */,
			);
			runOnlyForDeploymentPostprocessing = 0;
		};
/* End PBXSourcesBuildPhase section */

/* Begin PBXVariantGroup section */
		FEDBDADE27CA8ABB0001938A /* Main.storyboard */ = {
			isa = PBXVariantGroup;
			children = (
				FEDBDADF27CA8ABB0001938A /* Base */,
			);
			name = Main.storyboard;
			sourceTree = "<group>";
		};
		FEDBDAE627CA8ABE0001938A /* LaunchScreen.storyboard */ = {
			isa = PBXVariantGroup;
			children = (
				FEDBDAE727CA8ABE0001938A /* Base */,
			);
			name = LaunchScreen.storyboard;
			sourceTree = "<group>";
		};
/* End PBXVariantGroup section */

/* Begin XCBuildConfiguration section */
		FEDBDAEA27CA8ABE0001938A /* Debug */ = {
			isa = XCBuildConfiguration;
			buildSettings = {
				ALWAYS_SEARCH_USER_PATHS = NO;
				CLANG_ANALYZER_NONNULL = YES;
				CLANG_ANALYZER_NUMBER_OBJECT_CONVERSION = YES_AGGRESSIVE;
				CLANG_CXX_LANGUAGE_STANDARD = "gnu++17";
				CLANG_CXX_LIBRARY = "libc++";
				CLANG_ENABLE_MODULES = YES;
				CLANG_ENABLE_OBJC_ARC = YES;
				CLANG_ENABLE_OBJC_WEAK = YES;
				CLANG_WARN_BLOCK_CAPTURE_AUTORELEASING = YES;
				CLANG_WARN_BOOL_CONVERSION = YES;
				CLANG_WARN_COMMA = YES;
				CLANG_WARN_CONSTANT_CONVERSION = YES;
				CLANG_WARN_DEPRECATED_OBJC_IMPLEMENTATIONS = YES;
				CLANG_WARN_DIRECT_OBJC_ISA_USAGE = YES_ERROR;
				CLANG_WARN_DOCUMENTATION_COMMENTS = YES;
				CLANG_WARN_EMPTY_BODY = YES;
				CLANG_WARN_ENUM_CONVERSION = YES;
				CLANG_WARN_INFINITE_RECURSION = YES;
				CLANG_WARN_INT_CONVERSION = YES;
				CLANG_WARN_NON_LITERAL_NULL_CONVERSION = YES;
				CLANG_WARN_OBJC_IMPLICIT_RETAIN_SELF = YES;
				CLANG_WARN_OBJC_LITERAL_CONVERSION = YES;
				CLANG_WARN_OBJC_ROOT_CLASS = YES_ERROR;
				CLANG_WARN_QUOTED_INCLUDE_IN_FRAMEWORK_HEADER = YES;
				CLANG_WARN_RANGE_LOOP_ANALYSIS = YES;
				CLANG_WARN_STRICT_PROTOTYPES = YES;
				CLANG_WARN_SUSPICIOUS_MOVE = YES;
				CLANG_WARN_UNGUARDED_AVAILABILITY = YES_AGGRESSIVE;
				CLANG_WARN_UNREACHABLE_CODE = YES;
				CLANG_WARN__DUPLICATE_METHOD_MATCH = YES;
				COPY_PHASE_STRIP = NO;
				DEBUG_INFORMATION_FORMAT = dwarf;
				ENABLE_STRICT_OBJC_MSGSEND = YES;
				ENABLE_TESTABILITY = YES;
				GCC_C_LANGUAGE_STANDARD = gnu11;
				GCC_DYNAMIC_NO_PIC = NO;
				GCC_NO_COMMON_BLOCKS = YES;
				GCC_OPTIMIZATION_LEVEL = 0;
				GCC_PREPROCESSOR_DEFINITIONS = (
					"DEBUG=1",
					"$(inherited)",
				);
				GCC_WARN_64_TO_32_BIT_CONVERSION = YES;
				GCC_WARN_ABOUT_RETURN_TYPE = YES_ERROR;
				GCC_WARN_UNDECLARED_SELECTOR = YES;
				GCC_WARN_UNINITIALIZED_AUTOS = YES_AGGRESSIVE;
				GCC_WARN_UNUSED_FUNCTION = YES;
				GCC_WARN_UNUSED_VARIABLE = YES;
				IPHONEOS_DEPLOYMENT_TARGET = 15.2;
				MTL_ENABLE_DEBUG_INFO = INCLUDE_SOURCE;
				MTL_FAST_MATH = YES;
				ONLY_ACTIVE_ARCH = YES;
				SDKROOT = iphoneos;
				SWIFT_ACTIVE_COMPILATION_CONDITIONS = DEBUG;
				SWIFT_OPTIMIZATION_LEVEL = "-Onone";
			};
			name = Debug;
		};
		FEDBDAEB27CA8ABE0001938A /* Release */ = {
			isa = XCBuildConfiguration;
			buildSettings = {
				ALWAYS_SEARCH_USER_PATHS = NO;
				CLANG_ANALYZER_NONNULL = YES;
				CLANG_ANALYZER_NUMBER_OBJECT_CONVERSION = YES_AGGRESSIVE;
				CLANG_CXX_LANGUAGE_STANDARD = "gnu++17";
				CLANG_CXX_LIBRARY = "libc++";
				CLANG_ENABLE_MODULES = YES;
				CLANG_ENABLE_OBJC_ARC = YES;
				CLANG_ENABLE_OBJC_WEAK = YES;
				CLANG_WARN_BLOCK_CAPTURE_AUTORELEASING = YES;
				CLANG_WARN_BOOL_CONVERSION = YES;
				CLANG_WARN_COMMA = YES;
				CLANG_WARN_CONSTANT_CONVERSION = YES;
				CLANG_WARN_DEPRECATED_OBJC_IMPLEMENTATIONS = YES;
				CLANG_WARN_DIRECT_OBJC_ISA_USAGE = YES_ERROR;
				CLANG_WARN_DOCUMENTATION_COMMENTS = YES;
				CLANG_WARN_EMPTY_BODY = YES;
				CLANG_WARN_ENUM_CONVERSION = YES;
				CLANG_WARN_INFINITE_RECURSION = YES;
				CLANG_WARN_INT_CONVERSION = YES;
				CLANG_WARN_NON_LITERAL_NULL_CONVERSION = YES;
				CLANG_WARN_OBJC_IMPLICIT_RETAIN_SELF = YES;
				CLANG_WARN_OBJC_LITERAL_CONVERSION = YES;
				CLANG_WARN_OBJC_ROOT_CLASS = YES_ERROR;
				CLANG_WARN_QUOTED_INCLUDE_IN_FRAMEWORK_HEADER = YES;
				CLANG_WARN_RANGE_LOOP_ANALYSIS = YES;
				CLANG_WARN_STRICT_PROTOTYPES = YES;
				CLANG_WARN_SUSPICIOUS_MOVE = YES;
				CLANG_WARN_UNGUARDED_AVAILABILITY = YES_AGGRESSIVE;
				CLANG_WARN_UNREACHABLE_CODE = YES;
				CLANG_WARN__DUPLICATE_METHOD_MATCH = YES;
				COPY_PHASE_STRIP = NO;
				DEBUG_INFORMATION_FORMAT = "dwarf-with-dsym";
				ENABLE_NS_ASSERTIONS = NO;
				ENABLE_STRICT_OBJC_MSGSEND = YES;
				GCC_C_LANGUAGE_STANDARD = gnu11;
				GCC_NO_COMMON_BLOCKS = YES;
				GCC_WARN_64_TO_32_BIT_CONVERSION = YES;
				GCC_WARN_ABOUT_RETURN_TYPE = YES_ERROR;
				GCC_WARN_UNDECLARED_SELECTOR = YES;
				GCC_WARN_UNINITIALIZED_AUTOS = YES_AGGRESSIVE;
				GCC_WARN_UNUSED_FUNCTION = YES;
				GCC_WARN_UNUSED_VARIABLE = YES;
				IPHONEOS_DEPLOYMENT_TARGET = 15.2;
				MTL_ENABLE_DEBUG_INFO = NO;
				MTL_FAST_MATH = YES;
				SDKROOT = iphoneos;
				SWIFT_COMPILATION_MODE = wholemodule;
				SWIFT_OPTIMIZATION_LEVEL = "-O";
				VALIDATE_PRODUCT = YES;
			};
			name = Release;
		};
		FEDBDAED27CA8ABE0001938A /* Debug */ = {
			isa = XCBuildConfiguration;
			buildSettings = {
				ASSETCATALOG_COMPILER_APPICON_NAME = AppIcon;
				ASSETCATALOG_COMPILER_GLOBAL_ACCENT_COLOR_NAME = AccentColor;
				CODE_SIGN_STYLE = Automatic;
				CURRENT_PROJECT_VERSION = 1;
				GENERATE_INFOPLIST_FILE = YES;
				INFOPLIST_FILE = MyFeedbackApp/Info.plist;
				INFOPLIST_KEY_UIApplicationSupportsIndirectInputEvents = YES;
				INFOPLIST_KEY_UILaunchStoryboardName = LaunchScreen;
				INFOPLIST_KEY_UIMainStoryboardFile = Main;
				INFOPLIST_KEY_UISupportedInterfaceOrientations_iPad = "UIInterfaceOrientationPortrait UIInterfaceOrientationPortraitUpsideDown UIInterfaceOrientationLandscapeLeft UIInterfaceOrientationLandscapeRight";
				INFOPLIST_KEY_UISupportedInterfaceOrientations_iPhone = "UIInterfaceOrientationPortrait UIInterfaceOrientationLandscapeLeft UIInterfaceOrientationLandscapeRight";
				LD_RUNPATH_SEARCH_PATHS = (
					"$(inherited)",
					"@executable_path/Frameworks",
				);
				MARKETING_VERSION = 1.0;
				PRODUCT_BUNDLE_IDENTIFIER = pdelac.MyFeedbackApp;
				PRODUCT_NAME = "$(TARGET_NAME)";
				SWIFT_EMIT_LOC_STRINGS = YES;
				SWIFT_VERSION = 5.0;
				TARGETED_DEVICE_FAMILY = "1,2";
			};
			name = Debug;
		};
		FEDBDAEE27CA8ABE0001938A /* Release */ = {
			isa = XCBuildConfiguration;
			buildSettings = {
				ASSETCATALOG_COMPILER_APPICON_NAME = AppIcon;
				ASSETCATALOG_COMPILER_GLOBAL_ACCENT_COLOR_NAME = AccentColor;
				CODE_SIGN_STYLE = Automatic;
				CURRENT_PROJECT_VERSION = 1;
				GENERATE_INFOPLIST_FILE = YES;
				INFOPLIST_FILE = MyFeedbackApp/Info.plist;
				INFOPLIST_KEY_UIApplicationSupportsIndirectInputEvents = YES;
				INFOPLIST_KEY_UILaunchStoryboardName = LaunchScreen;
				INFOPLIST_KEY_UIMainStoryboardFile = Main;
				INFOPLIST_KEY_UISupportedInterfaceOrientations_iPad = "UIInterfaceOrientationPortrait UIInterfaceOrientationPortraitUpsideDown UIInterfaceOrientationLandscapeLeft UIInterfaceOrientationLandscapeRight";
				INFOPLIST_KEY_UISupportedInterfaceOrientations_iPhone = "UIInterfaceOrientationPortrait UIInterfaceOrientationLandscapeLeft UIInterfaceOrientationLandscapeRight";
				LD_RUNPATH_SEARCH_PATHS = (
					"$(inherited)",
					"@executable_path/Frameworks",
				);
				MARKETING_VERSION = 1.0;
				PRODUCT_BUNDLE_IDENTIFIER = pdelac.MyFeedbackApp;
				PRODUCT_NAME = "$(TARGET_NAME)";
				SWIFT_EMIT_LOC_STRINGS = YES;
				SWIFT_VERSION = 5.0;
				TARGETED_DEVICE_FAMILY = "1,2";
			};
			name = Release;
		};
/* End XCBuildConfiguration section */

/* Begin XCConfigurationList section */
		FEDBDAD027CA8ABB0001938A /* Build configuration list for PBXProject "MyFeedbackApp" */ = {
			isa = XCConfigurationList;
			buildConfigurations = (
				FEDBDAEA27CA8ABE0001938A /* Debug */,
				FEDBDAEB27CA8ABE0001938A /* Release */,
			);
			defaultConfigurationIsVisible = 0;
			defaultConfigurationName = Release;
		};
		FEDBDAEC27CA8ABE0001938A /* Build configuration list for PBXNativeTarget "MyFeedbackApp" */ = {
			isa = XCConfigurationList;
			buildConfigurations = (
				FEDBDAED27CA8ABE0001938A /* Debug */,
				FEDBDAEE27CA8ABE0001938A /* Release */,
			);
			defaultConfigurationIsVisible = 0;
			defaultConfigurationName = Release;
		};
/* End XCConfigurationList section */

/* Begin XCVersionGroup section */
		FEDBDAE127CA8ABB0001938A /* MyFeedbackApp.xcdatamodeld */ = {
			isa = XCVersionGroup;
			children = (
				FEDBDAE227CA8ABB0001938A /* MyFeedbackApp.xcdatamodel */,
			);
			currentVersion = FEDBDAE227CA8ABB0001938A /* MyFeedbackApp.xcdatamodel */;
			path = MyFeedbackApp.xcdatamodeld;
			sourceTree = "<group>";
			versionGroupType = wrapper.xcdatamodel;
		};
/* End XCVersionGroup section */
	};
	rootObject = FEDBDACD27CA8ABB0001938A /* Project object */;
}
